// !$*UTF8*$!
{
	archiveVersion = 1;
	classes = {
	};
	objectVersion = 50;
	objects = {

/* Begin PBXBuildFile section */
		132CCD7826D61EE4008ECAB5 /* HomeHorizontalController.swift in Sources */ = {isa = PBXBuildFile; fileRef = 132CCD7726D61EE4008ECAB5 /* HomeHorizontalController.swift */; };
		132CCD7E26D6254B008ECAB5 /* UIView+Layout.swift in Sources */ = {isa = PBXBuildFile; fileRef = 132CCD7D26D6254B008ECAB5 /* UIView+Layout.swift */; };
		132CCD8626D626EE008ECAB5 /* BaseListViewController.swift in Sources */ = {isa = PBXBuildFile; fileRef = 132CCD8526D626EE008ECAB5 /* BaseListViewController.swift */; };
		137C297526491534001CE6DB /* UserProfileCell.swift in Sources */ = {isa = PBXBuildFile; fileRef = 137C297426491534001CE6DB /* UserProfileCell.swift */; };
		137C297A26491555001CE6DB /* UserDataCell.swift in Sources */ = {isa = PBXBuildFile; fileRef = 137C297926491555001CE6DB /* UserDataCell.swift */; };
		137C297F2649156F001CE6DB /* UserSettingsCell.swift in Sources */ = {isa = PBXBuildFile; fileRef = 137C297E2649156F001CE6DB /* UserSettingsCell.swift */; };
		13A992BD2637FC6E00D3A21C /* AppDelegate.swift in Sources */ = {isa = PBXBuildFile; fileRef = 13A992BC2637FC6E00D3A21C /* AppDelegate.swift */; };
		13A992BF2637FC6E00D3A21C /* SceneDelegate.swift in Sources */ = {isa = PBXBuildFile; fileRef = 13A992BE2637FC6E00D3A21C /* SceneDelegate.swift */; };
		13A992C12637FC6E00D3A21C /* HomeController.swift in Sources */ = {isa = PBXBuildFile; fileRef = 13A992C02637FC6E00D3A21C /* HomeController.swift */; };
		13A992C72637FC6E00D3A21C /* ShopsKeeper.xcdatamodeld in Sources */ = {isa = PBXBuildFile; fileRef = 13A992C52637FC6E00D3A21C /* ShopsKeeper.xcdatamodeld */; };
		13A992C92637FC7100D3A21C /* Assets.xcassets in Resources */ = {isa = PBXBuildFile; fileRef = 13A992C82637FC7100D3A21C /* Assets.xcassets */; };
		13A992CC2637FC7100D3A21C /* LaunchScreen.storyboard in Resources */ = {isa = PBXBuildFile; fileRef = 13A992CA2637FC7100D3A21C /* LaunchScreen.storyboard */; };
		13A992D72637FC7100D3A21C /* ShopsKeeperTests.swift in Sources */ = {isa = PBXBuildFile; fileRef = 13A992D62637FC7100D3A21C /* ShopsKeeperTests.swift */; };
		13A992E22637FC7100D3A21C /* ShopsKeeperUITests.swift in Sources */ = {isa = PBXBuildFile; fileRef = 13A992E12637FC7100D3A21C /* ShopsKeeperUITests.swift */; };
		13A992F32637FDCA00D3A21C /* MainTabBarController.swift in Sources */ = {isa = PBXBuildFile; fileRef = 13A992F22637FDCA00D3A21C /* MainTabBarController.swift */; };
		13A9930326380DF100D3A21C /* ShopController.swift in Sources */ = {isa = PBXBuildFile; fileRef = 13A9930226380DF100D3A21C /* ShopController.swift */; };
		13A9930E2638202100D3A21C /* BasketController.swift in Sources */ = {isa = PBXBuildFile; fileRef = 13A9930D2638202100D3A21C /* BasketController.swift */; };
		13A993132638204C00D3A21C /* CatalogController.swift in Sources */ = {isa = PBXBuildFile; fileRef = 13A993122638204C00D3A21C /* CatalogController.swift */; };
		13A993182638207800D3A21C /* ProfileController.swift in Sources */ = {isa = PBXBuildFile; fileRef = 13A993172638207800D3A21C /* ProfileController.swift */; };
		13A99324263823A600D3A21C /* MenuBar.swift in Sources */ = {isa = PBXBuildFile; fileRef = 13A99323263823A600D3A21C /* MenuBar.swift */; };
		13BA205F26D3B5B0006DFF33 /* HomeGroupCell.swift in Sources */ = {isa = PBXBuildFile; fileRef = 13BA205E26D3B5B0006DFF33 /* HomeGroupCell.swift */; };
		13BA206426D3C0F6006DFF33 /* ExtentionUIView.swift in Sources */ = {isa = PBXBuildFile; fileRef = 13BA206326D3C0F6006DFF33 /* ExtentionUIView.swift */; };
/* End PBXBuildFile section */

/* Begin PBXContainerItemProxy section */
		13A992D32637FC7100D3A21C /* PBXContainerItemProxy */ = {
			isa = PBXContainerItemProxy;
			containerPortal = 13A992B12637FC6E00D3A21C /* Project object */;
			proxyType = 1;
			remoteGlobalIDString = 13A992B82637FC6E00D3A21C;
			remoteInfo = ShopsKeeper;
		};
		13A992DE2637FC7100D3A21C /* PBXContainerItemProxy */ = {
			isa = PBXContainerItemProxy;
			containerPortal = 13A992B12637FC6E00D3A21C /* Project object */;
			proxyType = 1;
			remoteGlobalIDString = 13A992B82637FC6E00D3A21C;
			remoteInfo = ShopsKeeper;
		};
/* End PBXContainerItemProxy section */

/* Begin PBXFileReference section */
		132CCD7726D61EE4008ECAB5 /* HomeHorizontalController.swift */ = {isa = PBXFileReference; lastKnownFileType = sourcecode.swift; path = HomeHorizontalController.swift; sourceTree = "<group>"; };
		132CCD7D26D6254B008ECAB5 /* UIView+Layout.swift */ = {isa = PBXFileReference; fileEncoding = 4; lastKnownFileType = sourcecode.swift; path = "UIView+Layout.swift"; sourceTree = "<group>"; };
		132CCD8526D626EE008ECAB5 /* BaseListViewController.swift */ = {isa = PBXFileReference; lastKnownFileType = sourcecode.swift; name = BaseListViewController.swift; path = ../../../../../../../../Documents/BaseListViewController.swift; sourceTree = "<group>"; };
		137C297426491534001CE6DB /* UserProfileCell.swift */ = {isa = PBXFileReference; lastKnownFileType = sourcecode.swift; path = UserProfileCell.swift; sourceTree = "<group>"; };
		137C297926491555001CE6DB /* UserDataCell.swift */ = {isa = PBXFileReference; lastKnownFileType = sourcecode.swift; path = UserDataCell.swift; sourceTree = "<group>"; };
		137C297E2649156F001CE6DB /* UserSettingsCell.swift */ = {isa = PBXFileReference; lastKnownFileType = sourcecode.swift; path = UserSettingsCell.swift; sourceTree = "<group>"; };
		13A992B92637FC6E00D3A21C /* ShopsKeeper.app */ = {isa = PBXFileReference; explicitFileType = wrapper.application; includeInIndex = 0; path = ShopsKeeper.app; sourceTree = BUILT_PRODUCTS_DIR; };
		13A992BC2637FC6E00D3A21C /* AppDelegate.swift */ = {isa = PBXFileReference; lastKnownFileType = sourcecode.swift; path = AppDelegate.swift; sourceTree = "<group>"; };
		13A992BE2637FC6E00D3A21C /* SceneDelegate.swift */ = {isa = PBXFileReference; lastKnownFileType = sourcecode.swift; path = SceneDelegate.swift; sourceTree = "<group>"; };
		13A992C02637FC6E00D3A21C /* HomeController.swift */ = {isa = PBXFileReference; lastKnownFileType = sourcecode.swift; path = HomeController.swift; sourceTree = "<group>"; };
		13A992C62637FC6E00D3A21C /* ShopsKeeper.xcdatamodel */ = {isa = PBXFileReference; lastKnownFileType = wrapper.xcdatamodel; path = ShopsKeeper.xcdatamodel; sourceTree = "<group>"; };
		13A992C82637FC7100D3A21C /* Assets.xcassets */ = {isa = PBXFileReference; lastKnownFileType = folder.assetcatalog; path = Assets.xcassets; sourceTree = "<group>"; };
		13A992CB2637FC7100D3A21C /* Base */ = {isa = PBXFileReference; lastKnownFileType = file.storyboard; name = Base; path = Base.lproj/LaunchScreen.storyboard; sourceTree = "<group>"; };
		13A992CD2637FC7100D3A21C /* Info.plist */ = {isa = PBXFileReference; lastKnownFileType = text.plist.xml; path = Info.plist; sourceTree = "<group>"; };
		13A992D22637FC7100D3A21C /* ShopsKeeperTests.xctest */ = {isa = PBXFileReference; explicitFileType = wrapper.cfbundle; includeInIndex = 0; path = ShopsKeeperTests.xctest; sourceTree = BUILT_PRODUCTS_DIR; };
		13A992D62637FC7100D3A21C /* ShopsKeeperTests.swift */ = {isa = PBXFileReference; lastKnownFileType = sourcecode.swift; path = ShopsKeeperTests.swift; sourceTree = "<group>"; };
		13A992D82637FC7100D3A21C /* Info.plist */ = {isa = PBXFileReference; lastKnownFileType = text.plist.xml; path = Info.plist; sourceTree = "<group>"; };
		13A992DD2637FC7100D3A21C /* ShopsKeeperUITests.xctest */ = {isa = PBXFileReference; explicitFileType = wrapper.cfbundle; includeInIndex = 0; path = ShopsKeeperUITests.xctest; sourceTree = BUILT_PRODUCTS_DIR; };
		13A992E12637FC7100D3A21C /* ShopsKeeperUITests.swift */ = {isa = PBXFileReference; lastKnownFileType = sourcecode.swift; path = ShopsKeeperUITests.swift; sourceTree = "<group>"; };
		13A992E32637FC7100D3A21C /* Info.plist */ = {isa = PBXFileReference; lastKnownFileType = text.plist.xml; path = Info.plist; sourceTree = "<group>"; };
		13A992F22637FDCA00D3A21C /* MainTabBarController.swift */ = {isa = PBXFileReference; lastKnownFileType = sourcecode.swift; path = MainTabBarController.swift; sourceTree = "<group>"; };
		13A9930226380DF100D3A21C /* ShopController.swift */ = {isa = PBXFileReference; lastKnownFileType = sourcecode.swift; path = ShopController.swift; sourceTree = "<group>"; };
		13A9930D2638202100D3A21C /* BasketController.swift */ = {isa = PBXFileReference; lastKnownFileType = sourcecode.swift; path = BasketController.swift; sourceTree = "<group>"; };
		13A993122638204C00D3A21C /* CatalogController.swift */ = {isa = PBXFileReference; lastKnownFileType = sourcecode.swift; path = CatalogController.swift; sourceTree = "<group>"; };
		13A993172638207800D3A21C /* ProfileController.swift */ = {isa = PBXFileReference; lastKnownFileType = sourcecode.swift; path = ProfileController.swift; sourceTree = "<group>"; };
		13A99323263823A600D3A21C /* MenuBar.swift */ = {isa = PBXFileReference; lastKnownFileType = sourcecode.swift; path = MenuBar.swift; sourceTree = "<group>"; };
		13BA205E26D3B5B0006DFF33 /* HomeGroupCell.swift */ = {isa = PBXFileReference; lastKnownFileType = sourcecode.swift; path = HomeGroupCell.swift; sourceTree = "<group>"; };
		13BA206326D3C0F6006DFF33 /* ExtentionUIView.swift */ = {isa = PBXFileReference; lastKnownFileType = sourcecode.swift; path = ExtentionUIView.swift; sourceTree = "<group>"; };
/* End PBXFileReference section */

/* Begin PBXFrameworksBuildPhase section */
		13A992B62637FC6E00D3A21C /* Frameworks */ = {
			isa = PBXFrameworksBuildPhase;
			buildActionMask = 2147483647;
			files = (
			);
			runOnlyForDeploymentPostprocessing = 0;
		};
		13A992CF2637FC7100D3A21C /* Frameworks */ = {
			isa = PBXFrameworksBuildPhase;
			buildActionMask = 2147483647;
			files = (
			);
			runOnlyForDeploymentPostprocessing = 0;
		};
		13A992DA2637FC7100D3A21C /* Frameworks */ = {
			isa = PBXFrameworksBuildPhase;
			buildActionMask = 2147483647;
			files = (
			);
			runOnlyForDeploymentPostprocessing = 0;
		};
/* End PBXFrameworksBuildPhase section */

/* Begin PBXGroup section */
		131194E126983D2400B2A69C /* Home */ = {
			isa = PBXGroup;
			children = (
				13A992C02637FC6E00D3A21C /* HomeController.swift */,
				131194E526983D4900B2A69C /* MultipleCells */,
				132CCD8526D626EE008ECAB5 /* BaseListViewController.swift */,
			);
			path = Home;
			sourceTree = "<group>";
		};
		131194E526983D4900B2A69C /* MultipleCells */ = {
			isa = PBXGroup;
			children = (
				13BA205E26D3B5B0006DFF33 /* HomeGroupCell.swift */,
				132CCD7726D61EE4008ECAB5 /* HomeHorizontalController.swift */,
			);
			path = MultipleCells;
			sourceTree = "<group>";
		};
		132CCD7C26D624AC008ECAB5 /* Helpers */ = {
			isa = PBXGroup;
			children = (
				132CCD7D26D6254B008ECAB5 /* UIView+Layout.swift */,
			);
			path = Helpers;
			sourceTree = "<group>";
		};
		137C29862649157F001CE6DB /* UserProfileData */ = {
			isa = PBXGroup;
			children = (
				137C297426491534001CE6DB /* UserProfileCell.swift */,
				137C297926491555001CE6DB /* UserDataCell.swift */,
				137C297E2649156F001CE6DB /* UserSettingsCell.swift */,
			);
			path = UserProfileData;
			sourceTree = "<group>";
		};
		13A992B02637FC6E00D3A21C = {
			isa = PBXGroup;
			children = (
				13A992BB2637FC6E00D3A21C /* ShopsKeeper */,
				13A992D52637FC7100D3A21C /* ShopsKeeperTests */,
				13A992E02637FC7100D3A21C /* ShopsKeeperUITests */,
				13A992BA2637FC6E00D3A21C /* Products */,
			);
			sourceTree = "<group>";
		};
		13A992BA2637FC6E00D3A21C /* Products */ = {
			isa = PBXGroup;
			children = (
				13A992B92637FC6E00D3A21C /* ShopsKeeper.app */,
				13A992D22637FC7100D3A21C /* ShopsKeeperTests.xctest */,
				13A992DD2637FC7100D3A21C /* ShopsKeeperUITests.xctest */,
			);
			name = Products;
			sourceTree = "<group>";
		};
		13A992BB2637FC6E00D3A21C /* ShopsKeeper */ = {
			isa = PBXGroup;
			children = (
				132CCD7C26D624AC008ECAB5 /* Helpers */,
				13A992F72637FDD000D3A21C /* Application */,
				13A992FB2637FE0F00D3A21C /* Presentation */,
				13A992C82637FC7100D3A21C /* Assets.xcassets */,
				13A992CD2637FC7100D3A21C /* Info.plist */,
				13A992C52637FC6E00D3A21C /* ShopsKeeper.xcdatamodeld */,
				13BA206326D3C0F6006DFF33 /* ExtentionUIView.swift */,
			);
			path = ShopsKeeper;
			sourceTree = "<group>";
		};
		13A992D52637FC7100D3A21C /* ShopsKeeperTests */ = {
			isa = PBXGroup;
			children = (
				13A992D62637FC7100D3A21C /* ShopsKeeperTests.swift */,
				13A992D82637FC7100D3A21C /* Info.plist */,
			);
			path = ShopsKeeperTests;
			sourceTree = "<group>";
		};
		13A992E02637FC7100D3A21C /* ShopsKeeperUITests */ = {
			isa = PBXGroup;
			children = (
				13A992E12637FC7100D3A21C /* ShopsKeeperUITests.swift */,
				13A992E32637FC7100D3A21C /* Info.plist */,
			);
			path = ShopsKeeperUITests;
			sourceTree = "<group>";
		};
		13A992F72637FDD000D3A21C /* Application */ = {
			isa = PBXGroup;
			children = (
				13A992FA2637FDEC00D3A21C /* Model */,
				13A992F92637FDE400D3A21C /* View */,
				13A992F82637FDDB00D3A21C /* Controller */,
			);
			path = Application;
			sourceTree = "<group>";
		};
		13A992F82637FDDB00D3A21C /* Controller */ = {
			isa = PBXGroup;
			children = (
				13A992BC2637FC6E00D3A21C /* AppDelegate.swift */,
				13A992BE2637FC6E00D3A21C /* SceneDelegate.swift */,
			);
			path = Controller;
			sourceTree = "<group>";
		};
		13A992F92637FDE400D3A21C /* View */ = {
			isa = PBXGroup;
			children = (
				13A992CA2637FC7100D3A21C /* LaunchScreen.storyboard */,
			);
			path = View;
			sourceTree = "<group>";
		};
		13A992FA2637FDEC00D3A21C /* Model */ = {
			isa = PBXGroup;
			children = (
			);
			path = Model;
			sourceTree = "<group>";
		};
		13A992FB2637FE0F00D3A21C /* Presentation */ = {
			isa = PBXGroup;
			children = (
				13A992FE2637FE7100D3A21C /* Model */,
				13A992FD2637FE6B00D3A21C /* View */,
				13A992FC2637FE6300D3A21C /* Controller */,
			);
			path = Presentation;
			sourceTree = "<group>";
		};
		13A992FC2637FE6300D3A21C /* Controller */ = {
			isa = PBXGroup;
			children = (
				131194E126983D2400B2A69C /* Home */,
				13A9930226380DF100D3A21C /* ShopController.swift */,
				13A993122638204C00D3A21C /* CatalogController.swift */,
				13A9931F2638236100D3A21C /* Profile */,
				13A9930D2638202100D3A21C /* BasketController.swift */,
				13A992F22637FDCA00D3A21C /* MainTabBarController.swift */,
			);
			path = Controller;
			sourceTree = "<group>";
		};
		13A992FD2637FE6B00D3A21C /* View */ = {
			isa = PBXGroup;
			children = (
			);
			path = View;
			sourceTree = "<group>";
		};
		13A992FE2637FE7100D3A21C /* Model */ = {
			isa = PBXGroup;
			children = (
			);
			path = Model;
			sourceTree = "<group>";
		};
		13A9931F2638236100D3A21C /* Profile */ = {
			isa = PBXGroup;
			children = (
				13A993172638207800D3A21C /* ProfileController.swift */,
				13A99323263823A600D3A21C /* MenuBar.swift */,
				137C29862649157F001CE6DB /* UserProfileData */,
			);
			path = Profile;
			sourceTree = "<group>";
		};
/* End PBXGroup section */

/* Begin PBXNativeTarget section */
		13A992B82637FC6E00D3A21C /* ShopsKeeper */ = {
			isa = PBXNativeTarget;
			buildConfigurationList = 13A992E62637FC7100D3A21C /* Build configuration list for PBXNativeTarget "ShopsKeeper" */;
			buildPhases = (
				13A992B52637FC6E00D3A21C /* Sources */,
				13A992B62637FC6E00D3A21C /* Frameworks */,
				13A992B72637FC6E00D3A21C /* Resources */,
			);
			buildRules = (
			);
			dependencies = (
			);
			name = ShopsKeeper;
			productName = ShopsKeeper;
			productReference = 13A992B92637FC6E00D3A21C /* ShopsKeeper.app */;
			productType = "com.apple.product-type.application";
		};
		13A992D12637FC7100D3A21C /* ShopsKeeperTests */ = {
			isa = PBXNativeTarget;
			buildConfigurationList = 13A992E92637FC7100D3A21C /* Build configuration list for PBXNativeTarget "ShopsKeeperTests" */;
			buildPhases = (
				13A992CE2637FC7100D3A21C /* Sources */,
				13A992CF2637FC7100D3A21C /* Frameworks */,
				13A992D02637FC7100D3A21C /* Resources */,
			);
			buildRules = (
			);
			dependencies = (
				13A992D42637FC7100D3A21C /* PBXTargetDependency */,
			);
			name = ShopsKeeperTests;
			productName = ShopsKeeperTests;
			productReference = 13A992D22637FC7100D3A21C /* ShopsKeeperTests.xctest */;
			productType = "com.apple.product-type.bundle.unit-test";
		};
		13A992DC2637FC7100D3A21C /* ShopsKeeperUITests */ = {
			isa = PBXNativeTarget;
			buildConfigurationList = 13A992EC2637FC7100D3A21C /* Build configuration list for PBXNativeTarget "ShopsKeeperUITests" */;
			buildPhases = (
				13A992D92637FC7100D3A21C /* Sources */,
				13A992DA2637FC7100D3A21C /* Frameworks */,
				13A992DB2637FC7100D3A21C /* Resources */,
			);
			buildRules = (
			);
			dependencies = (
				13A992DF2637FC7100D3A21C /* PBXTargetDependency */,
			);
			name = ShopsKeeperUITests;
			productName = ShopsKeeperUITests;
			productReference = 13A992DD2637FC7100D3A21C /* ShopsKeeperUITests.xctest */;
			productType = "com.apple.product-type.bundle.ui-testing";
		};
/* End PBXNativeTarget section */

/* Begin PBXProject section */
		13A992B12637FC6E00D3A21C /* Project object */ = {
			isa = PBXProject;
			attributes = {
				LastSwiftUpdateCheck = 1230;
				LastUpgradeCheck = 1230;
				TargetAttributes = {
					13A992B82637FC6E00D3A21C = {
						CreatedOnToolsVersion = 12.3;
					};
					13A992D12637FC7100D3A21C = {
						CreatedOnToolsVersion = 12.3;
						TestTargetID = 13A992B82637FC6E00D3A21C;
					};
					13A992DC2637FC7100D3A21C = {
						CreatedOnToolsVersion = 12.3;
						TestTargetID = 13A992B82637FC6E00D3A21C;
					};
				};
			};
			buildConfigurationList = 13A992B42637FC6E00D3A21C /* Build configuration list for PBXProject "ShopsKeeper" */;
			compatibilityVersion = "Xcode 9.3";
			developmentRegion = en;
			hasScannedForEncodings = 0;
			knownRegions = (
				en,
				Base,
			);
			mainGroup = 13A992B02637FC6E00D3A21C;
			productRefGroup = 13A992BA2637FC6E00D3A21C /* Products */;
			projectDirPath = "";
			projectRoot = "";
			targets = (
				13A992B82637FC6E00D3A21C /* ShopsKeeper */,
				13A992D12637FC7100D3A21C /* ShopsKeeperTests */,
				13A992DC2637FC7100D3A21C /* ShopsKeeperUITests */,
			);
		};
/* End PBXProject section */

/* Begin PBXResourcesBuildPhase section */
		13A992B72637FC6E00D3A21C /* Resources */ = {
			isa = PBXResourcesBuildPhase;
			buildActionMask = 2147483647;
			files = (
				13A992CC2637FC7100D3A21C /* LaunchScreen.storyboard in Resources */,
				13A992C92637FC7100D3A21C /* Assets.xcassets in Resources */,
			);
			runOnlyForDeploymentPostprocessing = 0;
		};
		13A992D02637FC7100D3A21C /* Resources */ = {
			isa = PBXResourcesBuildPhase;
			buildActionMask = 2147483647;
			files = (
			);
			runOnlyForDeploymentPostprocessing = 0;
		};
		13A992DB2637FC7100D3A21C /* Resources */ = {
			isa = PBXResourcesBuildPhase;
			buildActionMask = 2147483647;
			files = (
			);
			runOnlyForDeploymentPostprocessing = 0;
		};
/* End PBXResourcesBuildPhase section */

/* Begin PBXSourcesBuildPhase section */
		13A992B52637FC6E00D3A21C /* Sources */ = {
			isa = PBXSourcesBuildPhase;
			buildActionMask = 2147483647;
			files = (
				132CCD7826D61EE4008ECAB5 /* HomeHorizontalController.swift in Sources */,
				132CCD8626D626EE008ECAB5 /* BaseListViewController.swift in Sources */,
				13A992C12637FC6E00D3A21C /* HomeController.swift in Sources */,
				137C297F2649156F001CE6DB /* UserSettingsCell.swift in Sources */,
				13A993132638204C00D3A21C /* CatalogController.swift in Sources */,
				137C297526491534001CE6DB /* UserProfileCell.swift in Sources */,
				13A9930326380DF100D3A21C /* ShopController.swift in Sources */,
				13A992C72637FC6E00D3A21C /* ShopsKeeper.xcdatamodeld in Sources */,
				132CCD7E26D6254B008ECAB5 /* UIView+Layout.swift in Sources */,
				13A99324263823A600D3A21C /* MenuBar.swift in Sources */,
				13A9930E2638202100D3A21C /* BasketController.swift in Sources */,
				13BA206426D3C0F6006DFF33 /* ExtentionUIView.swift in Sources */,
				13A993182638207800D3A21C /* ProfileController.swift in Sources */,
				137C297A26491555001CE6DB /* UserDataCell.swift in Sources */,
				13BA205F26D3B5B0006DFF33 /* HomeGroupCell.swift in Sources */,
				13A992F32637FDCA00D3A21C /* MainTabBarController.swift in Sources */,
				13A992BD2637FC6E00D3A21C /* AppDelegate.swift in Sources */,
				13A992BF2637FC6E00D3A21C /* SceneDelegate.swift in Sources */,
			);
			runOnlyForDeploymentPostprocessing = 0;
		};
		13A992CE2637FC7100D3A21C /* Sources */ = {
			isa = PBXSourcesBuildPhase;
			buildActionMask = 2147483647;
			files = (
				13A992D72637FC7100D3A21C /* ShopsKeeperTests.swift in Sources */,
			);
			runOnlyForDeploymentPostprocessing = 0;
		};
		13A992D92637FC7100D3A21C /* Sources */ = {
			isa = PBXSourcesBuildPhase;
			buildActionMask = 2147483647;
			files = (
				13A992E22637FC7100D3A21C /* ShopsKeeperUITests.swift in Sources */,
			);
			runOnlyForDeploymentPostprocessing = 0;
		};
/* End PBXSourcesBuildPhase section */

/* Begin PBXTargetDependency section */
		13A992D42637FC7100D3A21C /* PBXTargetDependency */ = {
			isa = PBXTargetDependency;
			target = 13A992B82637FC6E00D3A21C /* ShopsKeeper */;
			targetProxy = 13A992D32637FC7100D3A21C /* PBXContainerItemProxy */;
		};
		13A992DF2637FC7100D3A21C /* PBXTargetDependency */ = {
			isa = PBXTargetDependency;
			target = 13A992B82637FC6E00D3A21C /* ShopsKeeper */;
			targetProxy = 13A992DE2637FC7100D3A21C /* PBXContainerItemProxy */;
		};
/* End PBXTargetDependency section */

/* Begin PBXVariantGroup section */
		13A992CA2637FC7100D3A21C /* LaunchScreen.storyboard */ = {
			isa = PBXVariantGroup;
			children = (
				13A992CB2637FC7100D3A21C /* Base */,
			);
			name = LaunchScreen.storyboard;
			sourceTree = "<group>";
		};
/* End PBXVariantGroup section */

/* Begin XCBuildConfiguration section */
		13A992E42637FC7100D3A21C /* Debug */ = {
			isa = XCBuildConfiguration;
			buildSettings = {
				ALWAYS_SEARCH_USER_PATHS = NO;
				CLANG_ANALYZER_NONNULL = YES;
				CLANG_ANALYZER_NUMBER_OBJECT_CONVERSION = YES_AGGRESSIVE;
				CLANG_CXX_LANGUAGE_STANDARD = "gnu++14";
				CLANG_CXX_LIBRARY = "libc++";
				CLANG_ENABLE_MODULES = YES;
				CLANG_ENABLE_OBJC_ARC = YES;
				CLANG_ENABLE_OBJC_WEAK = YES;
				CLANG_WARN_BLOCK_CAPTURE_AUTORELEASING = YES;
				CLANG_WARN_BOOL_CONVERSION = YES;
				CLANG_WARN_COMMA = YES;
				CLANG_WARN_CONSTANT_CONVERSION = YES;
				CLANG_WARN_DEPRECATED_OBJC_IMPLEMENTATIONS = YES;
				CLANG_WARN_DIRECT_OBJC_ISA_USAGE = YES_ERROR;
				CLANG_WARN_DOCUMENTATION_COMMENTS = YES;
				CLANG_WARN_EMPTY_BODY = YES;
				CLANG_WARN_ENUM_CONVERSION = YES;
				CLANG_WARN_INFINITE_RECURSION = YES;
				CLANG_WARN_INT_CONVERSION = YES;
				CLANG_WARN_NON_LITERAL_NULL_CONVERSION = YES;
				CLANG_WARN_OBJC_IMPLICIT_RETAIN_SELF = YES;
				CLANG_WARN_OBJC_LITERAL_CONVERSION = YES;
				CLANG_WARN_OBJC_ROOT_CLASS = YES_ERROR;
				CLANG_WARN_QUOTED_INCLUDE_IN_FRAMEWORK_HEADER = YES;
				CLANG_WARN_RANGE_LOOP_ANALYSIS = YES;
				CLANG_WARN_STRICT_PROTOTYPES = YES;
				CLANG_WARN_SUSPICIOUS_MOVE = YES;
				CLANG_WARN_UNGUARDED_AVAILABILITY = YES_AGGRESSIVE;
				CLANG_WARN_UNREACHABLE_CODE = YES;
				CLANG_WARN__DUPLICATE_METHOD_MATCH = YES;
				COPY_PHASE_STRIP = NO;
				DEBUG_INFORMATION_FORMAT = dwarf;
				ENABLE_STRICT_OBJC_MSGSEND = YES;
				ENABLE_TESTABILITY = YES;
				GCC_C_LANGUAGE_STANDARD = gnu11;
				GCC_DYNAMIC_NO_PIC = NO;
				GCC_NO_COMMON_BLOCKS = YES;
				GCC_OPTIMIZATION_LEVEL = 0;
				GCC_PREPROCESSOR_DEFINITIONS = (
					"DEBUG=1",
					"$(inherited)",
				);
				GCC_WARN_64_TO_32_BIT_CONVERSION = YES;
				GCC_WARN_ABOUT_RETURN_TYPE = YES_ERROR;
				GCC_WARN_UNDECLARED_SELECTOR = YES;
				GCC_WARN_UNINITIALIZED_AUTOS = YES_AGGRESSIVE;
				GCC_WARN_UNUSED_FUNCTION = YES;
				GCC_WARN_UNUSED_VARIABLE = YES;
				IPHONEOS_DEPLOYMENT_TARGET = 14.3;
				MTL_ENABLE_DEBUG_INFO = INCLUDE_SOURCE;
				MTL_FAST_MATH = YES;
				ONLY_ACTIVE_ARCH = YES;
				SDKROOT = iphoneos;
				SWIFT_ACTIVE_COMPILATION_CONDITIONS = DEBUG;
				SWIFT_OPTIMIZATION_LEVEL = "-Onone";
			};
			name = Debug;
		};
		13A992E52637FC7100D3A21C /* Release */ = {
			isa = XCBuildConfiguration;
			buildSettings = {
				ALWAYS_SEARCH_USER_PATHS = NO;
				CLANG_ANALYZER_NONNULL = YES;
				CLANG_ANALYZER_NUMBER_OBJECT_CONVERSION = YES_AGGRESSIVE;
				CLANG_CXX_LANGUAGE_STANDARD = "gnu++14";
				CLANG_CXX_LIBRARY = "libc++";
				CLANG_ENABLE_MODULES = YES;
				CLANG_ENABLE_OBJC_ARC = YES;
				CLANG_ENABLE_OBJC_WEAK = YES;
				CLANG_WARN_BLOCK_CAPTURE_AUTORELEASING = YES;
				CLANG_WARN_BOOL_CONVERSION = YES;
				CLANG_WARN_COMMA = YES;
				CLANG_WARN_CONSTANT_CONVERSION = YES;
				CLANG_WARN_DEPRECATED_OBJC_IMPLEMENTATIONS = YES;
				CLANG_WARN_DIRECT_OBJC_ISA_USAGE = YES_ERROR;
				CLANG_WARN_DOCUMENTATION_COMMENTS = YES;
				CLANG_WARN_EMPTY_BODY = YES;
				CLANG_WARN_ENUM_CONVERSION = YES;
				CLANG_WARN_INFINITE_RECURSION = YES;
				CLANG_WARN_INT_CONVERSION = YES;
				CLANG_WARN_NON_LITERAL_NULL_CONVERSION = YES;
				CLANG_WARN_OBJC_IMPLICIT_RETAIN_SELF = YES;
				CLANG_WARN_OBJC_LITERAL_CONVERSION = YES;
				CLANG_WARN_OBJC_ROOT_CLASS = YES_ERROR;
				CLANG_WARN_QUOTED_INCLUDE_IN_FRAMEWORK_HEADER = YES;
				CLANG_WARN_RANGE_LOOP_ANALYSIS = YES;
				CLANG_WARN_STRICT_PROTOTYPES = YES;
				CLANG_WARN_SUSPICIOUS_MOVE = YES;
				CLANG_WARN_UNGUARDED_AVAILABILITY = YES_AGGRESSIVE;
				CLANG_WARN_UNREACHABLE_CODE = YES;
				CLANG_WARN__DUPLICATE_METHOD_MATCH = YES;
				COPY_PHASE_STRIP = NO;
				DEBUG_INFORMATION_FORMAT = "dwarf-with-dsym";
				ENABLE_NS_ASSERTIONS = NO;
				ENABLE_STRICT_OBJC_MSGSEND = YES;
				GCC_C_LANGUAGE_STANDARD = gnu11;
				GCC_NO_COMMON_BLOCKS = YES;
				GCC_WARN_64_TO_32_BIT_CONVERSION = YES;
				GCC_WARN_ABOUT_RETURN_TYPE = YES_ERROR;
				GCC_WARN_UNDECLARED_SELECTOR = YES;
				GCC_WARN_UNINITIALIZED_AUTOS = YES_AGGRESSIVE;
				GCC_WARN_UNUSED_FUNCTION = YES;
				GCC_WARN_UNUSED_VARIABLE = YES;
				IPHONEOS_DEPLOYMENT_TARGET = 14.3;
				MTL_ENABLE_DEBUG_INFO = NO;
				MTL_FAST_MATH = YES;
				SDKROOT = iphoneos;
				SWIFT_COMPILATION_MODE = wholemodule;
				SWIFT_OPTIMIZATION_LEVEL = "-O";
				VALIDATE_PRODUCT = YES;
			};
			name = Release;
		};
		13A992E72637FC7100D3A21C /* Debug */ = {
			isa = XCBuildConfiguration;
			buildSettings = {
				ASSETCATALOG_COMPILER_APPICON_NAME = AppIcon;
				ASSETCATALOG_COMPILER_GLOBAL_ACCENT_COLOR_NAME = AccentColor;
				CODE_SIGN_STYLE = Automatic;
				INFOPLIST_FILE = ShopsKeeper/Info.plist;
				LD_RUNPATH_SEARCH_PATHS = (
					"$(inherited)",
					"@executable_path/Frameworks",
				);
				PRODUCT_BUNDLE_IDENTIFIER = wiasoft.ru.ShopsKeeper;
				PRODUCT_NAME = "$(TARGET_NAME)";
				SWIFT_VERSION = 5.0;
				TARGETED_DEVICE_FAMILY = "1,2";
			};
			name = Debug;
		};
		13A992E82637FC7100D3A21C /* Release */ = {
			isa = XCBuildConfiguration;
			buildSettings = {
				ASSETCATALOG_COMPILER_APPICON_NAME = AppIcon;
				ASSETCATALOG_COMPILER_GLOBAL_ACCENT_COLOR_NAME = AccentColor;
				CODE_SIGN_STYLE = Automatic;
				INFOPLIST_FILE = ShopsKeeper/Info.plist;
				LD_RUNPATH_SEARCH_PATHS = (
					"$(inherited)",
					"@executable_path/Frameworks",
				);
				PRODUCT_BUNDLE_IDENTIFIER = wiasoft.ru.ShopsKeeper;
				PRODUCT_NAME = "$(TARGET_NAME)";
				SWIFT_VERSION = 5.0;
				TARGETED_DEVICE_FAMILY = "1,2";
			};
			name = Release;
		};
		13A992EA2637FC7100D3A21C /* Debug */ = {
			isa = XCBuildConfiguration;
			buildSettings = {
				ALWAYS_EMBED_SWIFT_STANDARD_LIBRARIES = YES;
				BUNDLE_LOADER = "$(TEST_HOST)";
				CODE_SIGN_STYLE = Automatic;
				INFOPLIST_FILE = ShopsKeeperTests/Info.plist;
				IPHONEOS_DEPLOYMENT_TARGET = 14.3;
				LD_RUNPATH_SEARCH_PATHS = (
					"$(inherited)",
					"@executable_path/Frameworks",
					"@loader_path/Frameworks",
				);
				PRODUCT_BUNDLE_IDENTIFIER = wiasoft.ru.ShopsKeeperTests;
				PRODUCT_NAME = "$(TARGET_NAME)";
				SWIFT_VERSION = 5.0;
				TARGETED_DEVICE_FAMILY = "1,2";
				TEST_HOST = "$(BUILT_PRODUCTS_DIR)/ShopsKeeper.app/ShopsKeeper";
			};
			name = Debug;
		};
		13A992EB2637FC7100D3A21C /* Release */ = {
			isa = XCBuildConfiguration;
			buildSettings = {
				ALWAYS_EMBED_SWIFT_STANDARD_LIBRARIES = YES;
				BUNDLE_LOADER = "$(TEST_HOST)";
				CODE_SIGN_STYLE = Automatic;
				INFOPLIST_FILE = ShopsKeeperTests/Info.plist;
				IPHONEOS_DEPLOYMENT_TARGET = 14.3;
				LD_RUNPATH_SEARCH_PATHS = (
					"$(inherited)",
					"@executable_path/Frameworks",
					"@loader_path/Frameworks",
				);
				PRODUCT_BUNDLE_IDENTIFIER = wiasoft.ru.ShopsKeeperTests;
				PRODUCT_NAME = "$(TARGET_NAME)";
				SWIFT_VERSION = 5.0;
				TARGETED_DEVICE_FAMILY = "1,2";
				TEST_HOST = "$(BUILT_PRODUCTS_DIR)/ShopsKeeper.app/ShopsKeeper";
			};
			name = Release;
		};
		13A992ED2637FC7100D3A21C /* Debug */ = {
			isa = XCBuildConfiguration;
			buildSettings = {
				ALWAYS_EMBED_SWIFT_STANDARD_LIBRARIES = YES;
				CODE_SIGN_STYLE = Automatic;
				INFOPLIST_FILE = ShopsKeeperUITests/Info.plist;
				LD_RUNPATH_SEARCH_PATHS = (
					"$(inherited)",
					"@executable_path/Frameworks",
					"@loader_path/Frameworks",
				);
				PRODUCT_BUNDLE_IDENTIFIER = wiasoft.ru.ShopsKeeperUITests;
				PRODUCT_NAME = "$(TARGET_NAME)";
				SWIFT_VERSION = 5.0;
				TARGETED_DEVICE_FAMILY = "1,2";
				TEST_TARGET_NAME = ShopsKeeper;
			};
			name = Debug;
		};
		13A992EE2637FC7100D3A21C /* Release */ = {
			isa = XCBuildConfiguration;
			buildSettings = {
				ALWAYS_EMBED_SWIFT_STANDARD_LIBRARIES = YES;
				CODE_SIGN_STYLE = Automatic;
				INFOPLIST_FILE = ShopsKeeperUITests/Info.plist;
				LD_RUNPATH_SEARCH_PATHS = (
					"$(inherited)",
					"@executable_path/Frameworks",
					"@loader_path/Frameworks",
				);
				PRODUCT_BUNDLE_IDENTIFIER = wiasoft.ru.ShopsKeeperUITests;
				PRODUCT_NAME = "$(TARGET_NAME)";
				SWIFT_VERSION = 5.0;
				TARGETED_DEVICE_FAMILY = "1,2";
				TEST_TARGET_NAME = ShopsKeeper;
			};
			name = Release;
		};
/* End XCBuildConfiguration section */

/* Begin XCConfigurationList section */
		13A992B42637FC6E00D3A21C /* Build configuration list for PBXProject "ShopsKeeper" */ = {
			isa = XCConfigurationList;
			buildConfigurations = (
				13A992E42637FC7100D3A21C /* Debug */,
				13A992E52637FC7100D3A21C /* Release */,
			);
			defaultConfigurationIsVisible = 0;
			defaultConfigurationName = Release;
		};
		13A992E62637FC7100D3A21C /* Build configuration list for PBXNativeTarget "ShopsKeeper" */ = {
			isa = XCConfigurationList;
			buildConfigurations = (
				13A992E72637FC7100D3A21C /* Debug */,
				13A992E82637FC7100D3A21C /* Release */,
			);
			defaultConfigurationIsVisible = 0;
			defaultConfigurationName = Release;
		};
		13A992E92637FC7100D3A21C /* Build configuration list for PBXNativeTarget "ShopsKeeperTests" */ = {
			isa = XCConfigurationList;
			buildConfigurations = (
				13A992EA2637FC7100D3A21C /* Debug */,
				13A992EB2637FC7100D3A21C /* Release */,
			);
			defaultConfigurationIsVisible = 0;
			defaultConfigurationName = Release;
		};
		13A992EC2637FC7100D3A21C /* Build configuration list for PBXNativeTarget "ShopsKeeperUITests" */ = {
			isa = XCConfigurationList;
			buildConfigurations = (
				13A992ED2637FC7100D3A21C /* Debug */,
				13A992EE2637FC7100D3A21C /* Release */,
			);
			defaultConfigurationIsVisible = 0;
			defaultConfigurationName = Release;
		};
/* End XCConfigurationList section */

/* Begin XCVersionGroup section */
		13A992C52637FC6E00D3A21C /* ShopsKeeper.xcdatamodeld */ = {
			isa = XCVersionGroup;
			children = (
				13A992C62637FC6E00D3A21C /* ShopsKeeper.xcdatamodel */,
			);
			currentVersion = 13A992C62637FC6E00D3A21C /* ShopsKeeper.xcdatamodel */;
			path = ShopsKeeper.xcdatamodeld;
			sourceTree = "<group>";
			versionGroupType = wrapper.xcdatamodel;
		};
/* End XCVersionGroup section */
	};
	rootObject = 13A992B12637FC6E00D3A21C /* Project object */;
}
